
Microsoft Visual Studio Solution File, Format Version 12.00
# Visual Studio Version 17
VisualStudioVersion = 17.2.32616.157
MinimumVisualStudioVersion = 10.0.40219.1
Project("{FAE04EC0-301F-11D3-BF4B-00C04F79EFBC}") = "pre_pos_incremento", "pre_pos_incremento\pre_pos_incremento.csproj", "{6497EF11-5533-42A0-ABB7-476C7136D08C}"
EndProject
Project("{FAE04EC0-301F-11D3-BF4B-00C04F79EFBC}") = "tuples_and_hashtables", "tuples_and_hashtables\tuples_and_hashtables.csproj", "{B0522F3A-1FA3-40BC-825F-D8B6DE6E351E}"
EndProject
Project("{FAE04EC0-301F-11D3-BF4B-00C04F79EFBC}") = "writeline_and_readline", "writeline_and_readline\writeline_and_readline.csproj", "{EEF69B00-FFF8-4A30-8828-56ACBCA41CF0}"
EndProject
Project("{2150E333-8FDC-42A3-9474-1A3956D46DE8}") = "Solution Items", "Solution Items", "{98B95702-C8D6-48A2-932C-35AD48E3A8F2}"
	ProjectSection(SolutionItems) = preProject
		README.md = README.md
	EndProjectSection
EndProject
Global
	GlobalSection(SolutionConfigurationPlatforms) = preSolution
		Debug|Any CPU = Debug|Any CPU
		Release|Any CPU = Release|Any CPU
	EndGlobalSection
	GlobalSection(ProjectConfigurationPlatforms) = postSolution
		{6497EF11-5533-42A0-ABB7-476C7136D08C}.Debug|Any CPU.ActiveCfg = Debug|Any CPU
		{6497EF11-5533-42A0-ABB7-476C7136D08C}.Debug|Any CPU.Build.0 = Debug|Any CPU
		{6497EF11-5533-42A0-ABB7-476C7136D08C}.Release|Any CPU.ActiveCfg = Release|Any CPU
		{6497EF11-5533-42A0-ABB7-476C7136D08C}.Release|Any CPU.Build.0 = Release|Any CPU
		{B0522F3A-1FA3-40BC-825F-D8B6DE6E351E}.Debug|Any CPU.ActiveCfg = Debug|Any CPU
		{B0522F3A-1FA3-40BC-825F-D8B6DE6E351E}.Debug|Any CPU.Build.0 = Debug|Any CPU
		{B0522F3A-1FA3-40BC-825F-D8B6DE6E351E}.Release|Any CPU.ActiveCfg = Release|Any CPU
		{B0522F3A-1FA3-40BC-825F-D8B6DE6E351E}.Release|Any CPU.Build.0 = Release|Any CPU
		{EEF69B00-FFF8-4A30-8828-56ACBCA41CF0}.Debug|Any CPU.ActiveCfg = Debug|Any CPU
		{EEF69B00-FFF8-4A30-8828-56ACBCA41CF0}.Debug|Any CPU.Build.0 = Debug|Any CPU
		{EEF69B00-FFF8-4A30-8828-56ACBCA41CF0}.Release|Any CPU.ActiveCfg = Release|Any CPU
		{EEF69B00-FFF8-4A30-8828-56ACBCA41CF0}.Release|Any CPU.Build.0 = Release|Any CPU
	EndGlobalSection
	GlobalSection(SolutionProperties) = preSolution
		HideSolutionNode = FALSE
	EndGlobalSection
	GlobalSection(ExtensibilityGlobals) = postSolution
		SolutionGuid = {F2B7905D-C195-4834-91D4-12637406E275}
	EndGlobalSection
EndGlobal
